
Microsoft Visual Studio Solution File, Format Version 12.00
# Visual Studio Version 17
VisualStudioVersion = 17.1.32421.90
MinimumVisualStudioVersion = 10.0.40219.1
Project("{FAE04EC0-301F-11D3-BF4B-00C04F79EFBC}") = "AmazEng-WAPP", "AmazEng-WAPP\AmazEng-WAPP.csproj", "{03A97408-7EF2-4D89-8E59-20A75A76810E}"
EndProject
Project("{FAE04EC0-301F-11D3-BF4B-00C04F79EFBC}") = "AmazEng-WAPP.Tests", "AmazEng-WAPP.Tests\AmazEng-WAPP.Tests.csproj", "{4F22064F-676E-4138-BC49-F63DE3CB0E8F}"
EndProject
Global
	GlobalSection(SolutionConfigurationPlatforms) = preSolution
		Debug|Any CPU = Debug|Any CPU
		Release|Any CPU = Release|Any CPU
	EndGlobalSection
	GlobalSection(ProjectConfigurationPlatforms) = postSolution
		{03A97408-7EF2-4D89-8E59-20A75A76810E}.Debug|Any CPU.ActiveCfg = Debug|Any CPU
		{03A97408-7EF2-4D89-8E59-20A75A76810E}.Debug|Any CPU.Build.0 = Debug|Any CPU
		{03A97408-7EF2-4D89-8E59-20A75A76810E}.Release|Any CPU.ActiveCfg = Release|Any CPU
		{03A97408-7EF2-4D89-8E59-20A75A76810E}.Release|Any CPU.Build.0 = Release|Any CPU
		{4F22064F-676E-4138-BC49-F63DE3CB0E8F}.Debug|Any CPU.ActiveCfg = Debug|Any CPU
		{4F22064F-676E-4138-BC49-F63DE3CB0E8F}.Debug|Any CPU.Build.0 = Debug|Any CPU
		{4F22064F-676E-4138-BC49-F63DE3CB0E8F}.Release|Any CPU.ActiveCfg = Release|Any CPU
		{4F22064F-676E-4138-BC49-F63DE3CB0E8F}.Release|Any CPU.Build.0 = Release|Any CPU
	EndGlobalSection
	GlobalSection(SolutionProperties) = preSolution
		HideSolutionNode = FALSE
	EndGlobalSection
	GlobalSection(ExtensibilityGlobals) = postSolution
		SolutionGuid = {0EEA4AD8-3144-46C0-B920-A6821BB41794}
	EndGlobalSection
EndGlobal
